
Microsoft Visual Studio Solution File, Format Version 12.00
# Visual Studio Version 17
VisualStudioVersion = 17.14.36202.13 d17.14
MinimumVisualStudioVersion = 10.0.40219.1
Project("{FAE04EC0-301F-11D3-BF4B-00C04F79EFBC}") = "LoveMusic", "LoveMusic\LoveMusic.csproj", "{F556D86B-20EA-5965-4796-82838205BC53}"
EndProject
Global
	GlobalSection(SolutionConfigurationPlatforms) = preSolution
		Debug|Any CPU = Debug|Any CPU
		Release|Any CPU = Release|Any CPU
	EndGlobalSection
	GlobalSection(ProjectConfigurationPlatforms) = postSolution
		{F556D86B-20EA-5965-4796-82838205BC53}.Debug|Any CPU.ActiveCfg = Debug|Any CPU
		{F556D86B-20EA-5965-4796-82838205BC53}.Debug|Any CPU.Build.0 = Debug|Any CPU
		{F556D86B-20EA-5965-4796-82838205BC53}.Release|Any CPU.ActiveCfg = Release|Any CPU
		{F556D86B-20EA-5965-4796-82838205BC53}.Release|Any CPU.Build.0 = Release|Any CPU
	EndGlobalSection
	GlobalSection(SolutionProperties) = preSolution
		HideSolutionNode = FALSE
	EndGlobalSection
	GlobalSection(ExtensibilityGlobals) = postSolution
		SolutionGuid = {5A8ADF5A-D3F8-45B3-AAAC-159CA549C592}
	EndGlobalSection
EndGlobal
